
Microsoft Visual Studio Solution File, Format Version 12.00
# Visual Studio Version 17
VisualStudioVersion = 17.4.33213.308
MinimumVisualStudioVersion = 10.0.40219.1
Project("{FAE04EC0-301F-11D3-BF4B-00C04F79EFBC}") = "FolderSyncConsole", "FolderSyncConsole\FolderSyncConsole.csproj", "{1C4B94DD-0950-4D24-9518-E58E6ACA3F20}"
EndProject
Global
	GlobalSection(SolutionConfigurationPlatforms) = preSolution
		Debug|Any CPU = Debug|Any CPU
		Release|Any CPU = Release|Any CPU
	EndGlobalSection
	GlobalSection(ProjectConfigurationPlatforms) = postSolution
		{1C4B94DD-0950-4D24-9518-E58E6ACA3F20}.Debug|Any CPU.ActiveCfg = Debug|Any CPU
		{1C4B94DD-0950-4D24-9518-E58E6ACA3F20}.Debug|Any CPU.Build.0 = Debug|Any CPU
		{1C4B94DD-0950-4D24-9518-E58E6ACA3F20}.Release|Any CPU.ActiveCfg = Release|Any CPU
		{1C4B94DD-0950-4D24-9518-E58E6ACA3F20}.Release|Any CPU.Build.0 = Release|Any CPU
	EndGlobalSection
	GlobalSection(SolutionProperties) = preSolution
		HideSolutionNode = FALSE
	EndGlobalSection
	GlobalSection(ExtensibilityGlobals) = postSolution
		SolutionGuid = {FC031593-D788-4696-9AC1-96A7F0F1F2BE}
	EndGlobalSection
EndGlobal
